
Microsoft Visual Studio Solution File, Format Version 12.00
# Visual Studio Version 16
VisualStudioVersion = 16.0.29613.14
MinimumVisualStudioVersion = 10.0.40219.1
Project("{FAE04EC0-301F-11D3-BF4B-00C04F79EFBC}") = "ReactWithCore", "ReactWithCore\ReactWithCore.csproj", "{3D850D4E-BBEF-49C1-90D5-D921234FB392}"
EndProject
Global
	GlobalSection(SolutionConfigurationPlatforms) = preSolution
		Debug|Any CPU = Debug|Any CPU
		Release|Any CPU = Release|Any CPU
	EndGlobalSection
	GlobalSection(ProjectConfigurationPlatforms) = postSolution
		{3D850D4E-BBEF-49C1-90D5-D921234FB392}.Debug|Any CPU.ActiveCfg = Debug|Any CPU
		{3D850D4E-BBEF-49C1-90D5-D921234FB392}.Debug|Any CPU.Build.0 = Debug|Any CPU
		{3D850D4E-BBEF-49C1-90D5-D921234FB392}.Release|Any CPU.ActiveCfg = Release|Any CPU
		{3D850D4E-BBEF-49C1-90D5-D921234FB392}.Release|Any CPU.Build.0 = Release|Any CPU
	EndGlobalSection
	GlobalSection(SolutionProperties) = preSolution
		HideSolutionNode = FALSE
	EndGlobalSection
	GlobalSection(ExtensibilityGlobals) = postSolution
		SolutionGuid = {83F73036-497F-45DD-B688-2A91BAAF5081}
	EndGlobalSection
EndGlobal
